// !$*UTF8*$!
{
	archiveVersion = 1;
	classes = {
	};
	objectVersion = 48;
	objects = {

/* Begin PBXBuildFile section */
		BC1334431F6EBB8900886F99 /* AppDelegate.swift in Sources */ = {isa = PBXBuildFile; fileRef = BC1334421F6EBB8900886F99 /* AppDelegate.swift */; };
		BC1334451F6EBB8900886F99 /* MapViewController.swift in Sources */ = {isa = PBXBuildFile; fileRef = BC1334441F6EBB8900886F99 /* MapViewController.swift */; };
		BC1334481F6EBB8900886F99 /* Main.storyboard in Resources */ = {isa = PBXBuildFile; fileRef = BC1334461F6EBB8900886F99 /* Main.storyboard */; };
		BC13344A1F6EBB8900886F99 /* Assets.xcassets in Resources */ = {isa = PBXBuildFile; fileRef = BC1334491F6EBB8900886F99 /* Assets.xcassets */; };
		BC13344D1F6EBB8900886F99 /* LaunchScreen.storyboard in Resources */ = {isa = PBXBuildFile; fileRef = BC13344B1F6EBB8900886F99 /* LaunchScreen.storyboard */; };
		BC74B3411F88DC6C008E66FF /* VCDataModel.xcdatamodeld in Sources */ = {isa = PBXBuildFile; fileRef = BC74B33F1F88DC6C008E66FF /* VCDataModel.xcdatamodeld */; };
		BC74B3461F88EDE5008E66FF /* Pin+CoreDataClass.swift in Sources */ = {isa = PBXBuildFile; fileRef = BC74B3421F88EDE5008E66FF /* Pin+CoreDataClass.swift */; };
		BC74B3471F88EDE5008E66FF /* Pin+CoreDataProperties.swift in Sources */ = {isa = PBXBuildFile; fileRef = BC74B3431F88EDE5008E66FF /* Pin+CoreDataProperties.swift */; };
		BC74B3481F88EDE5008E66FF /* Image+CoreDataClass.swift in Sources */ = {isa = PBXBuildFile; fileRef = BC74B3441F88EDE5008E66FF /* Image+CoreDataClass.swift */; };
		BC74B3491F88EDE5008E66FF /* Image+CoreDataProperties.swift in Sources */ = {isa = PBXBuildFile; fileRef = BC74B3451F88EDE5008E66FF /* Image+CoreDataProperties.swift */; };
		BC74B34B1F88F70D008E66FF /* CoreDataStack.swift in Sources */ = {isa = PBXBuildFile; fileRef = BC74B34A1F88F70D008E66FF /* CoreDataStack.swift */; };
		BCA4FCAC1F6F7098001C98B4 /* PhotoAlbumViewController.swift in Sources */ = {isa = PBXBuildFile; fileRef = BCA4FCAB1F6F7098001C98B4 /* PhotoAlbumViewController.swift */; };
		BCF42CA11F8B7F3A004D892D /* CollectionViewCell.swift in Sources */ = {isa = PBXBuildFile; fileRef = BCF42CA01F8B7F3A004D892D /* CollectionViewCell.swift */; };
		BCF42CA41F8BD9A4004D892D /* FlickrClient.swift in Sources */ = {isa = PBXBuildFile; fileRef = BCF42CA31F8BD9A4004D892D /* FlickrClient.swift */; };
/* End PBXBuildFile section */

/* Begin PBXFileReference section */
		BC13343F1F6EBB8900886F99 /* Virtual Tourist.app */ = {isa = PBXFileReference; explicitFileType = wrapper.application; includeInIndex = 0; path = "Virtual Tourist.app"; sourceTree = BUILT_PRODUCTS_DIR; };
		BC1334421F6EBB8900886F99 /* AppDelegate.swift */ = {isa = PBXFileReference; lastKnownFileType = sourcecode.swift; path = AppDelegate.swift; sourceTree = "<group>"; };
		BC1334441F6EBB8900886F99 /* MapViewController.swift */ = {isa = PBXFileReference; lastKnownFileType = sourcecode.swift; path = MapViewController.swift; sourceTree = "<group>"; };
		BC1334471F6EBB8900886F99 /* Base */ = {isa = PBXFileReference; lastKnownFileType = file.storyboard; name = Base; path = Base.lproj/Main.storyboard; sourceTree = "<group>"; };
		BC1334491F6EBB8900886F99 /* Assets.xcassets */ = {isa = PBXFileReference; lastKnownFileType = folder.assetcatalog; path = Assets.xcassets; sourceTree = "<group>"; };
		BC13344C1F6EBB8900886F99 /* Base */ = {isa = PBXFileReference; lastKnownFileType = file.storyboard; name = Base; path = Base.lproj/LaunchScreen.storyboard; sourceTree = "<group>"; };
		BC13344E1F6EBB8900886F99 /* Info.plist */ = {isa = PBXFileReference; lastKnownFileType = text.plist.xml; path = Info.plist; sourceTree = "<group>"; };
		BC74B3401F88DC6C008E66FF /* VCDataModel.xcdatamodel */ = {isa = PBXFileReference; lastKnownFileType = wrapper.xcdatamodel; path = VCDataModel.xcdatamodel; sourceTree = "<group>"; };
		BC74B3421F88EDE5008E66FF /* Pin+CoreDataClass.swift */ = {isa = PBXFileReference; lastKnownFileType = sourcecode.swift; path = "Pin+CoreDataClass.swift"; sourceTree = "<group>"; };
		BC74B3431F88EDE5008E66FF /* Pin+CoreDataProperties.swift */ = {isa = PBXFileReference; lastKnownFileType = sourcecode.swift; path = "Pin+CoreDataProperties.swift"; sourceTree = "<group>"; };
		BC74B3441F88EDE5008E66FF /* Image+CoreDataClass.swift */ = {isa = PBXFileReference; lastKnownFileType = sourcecode.swift; path = "Image+CoreDataClass.swift"; sourceTree = "<group>"; };
		BC74B3451F88EDE5008E66FF /* Image+CoreDataProperties.swift */ = {isa = PBXFileReference; lastKnownFileType = sourcecode.swift; path = "Image+CoreDataProperties.swift"; sourceTree = "<group>"; };
		BC74B34A1F88F70D008E66FF /* CoreDataStack.swift */ = {isa = PBXFileReference; lastKnownFileType = sourcecode.swift; path = CoreDataStack.swift; sourceTree = "<group>"; };
		BCA4FCAB1F6F7098001C98B4 /* PhotoAlbumViewController.swift */ = {isa = PBXFileReference; lastKnownFileType = sourcecode.swift; path = PhotoAlbumViewController.swift; sourceTree = "<group>"; };
		BCF42CA01F8B7F3A004D892D /* CollectionViewCell.swift */ = {isa = PBXFileReference; lastKnownFileType = sourcecode.swift; path = CollectionViewCell.swift; sourceTree = "<group>"; };
		BCF42CA31F8BD9A4004D892D /* FlickrClient.swift */ = {isa = PBXFileReference; lastKnownFileType = sourcecode.swift; path = FlickrClient.swift; sourceTree = "<group>"; };
/* End PBXFileReference section */

/* Begin PBXFrameworksBuildPhase section */
		BC13343C1F6EBB8900886F99 /* Frameworks */ = {
			isa = PBXFrameworksBuildPhase;
			buildActionMask = 2147483647;
			files = (
			);
			runOnlyForDeploymentPostprocessing = 0;
		};
/* End PBXFrameworksBuildPhase section */

/* Begin PBXGroup section */
		BC1334361F6EBB8900886F99 = {
			isa = PBXGroup;
			children = (
				BC1334411F6EBB8900886F99 /* Virtual Tourist */,
				BC1334401F6EBB8900886F99 /* Products */,
			);
			sourceTree = "<group>";
		};
		BC1334401F6EBB8900886F99 /* Products */ = {
			isa = PBXGroup;
			children = (
				BC13343F1F6EBB8900886F99 /* Virtual Tourist.app */,
			);
			name = Products;
			sourceTree = "<group>";
		};
		BC1334411F6EBB8900886F99 /* Virtual Tourist */ = {
			isa = PBXGroup;
			children = (
				BC1334421F6EBB8900886F99 /* AppDelegate.swift */,
				BC74B33E1F88DBB5008E66FF /* Model */,
				BC1334541F6EC3BC00886F99 /* Controller */,
				BC1334461F6EBB8900886F99 /* Main.storyboard */,
				BC1334491F6EBB8900886F99 /* Assets.xcassets */,
				BC13344B1F6EBB8900886F99 /* LaunchScreen.storyboard */,
				BC13344E1F6EBB8900886F99 /* Info.plist */,
				BC74B33F1F88DC6C008E66FF /* VCDataModel.xcdatamodeld */,
			);
			path = "Virtual Tourist";
			sourceTree = "<group>";
		};
		BC1334541F6EC3BC00886F99 /* Controller */ = {
			isa = PBXGroup;
			children = (
				BC1334441F6EBB8900886F99 /* MapViewController.swift */,
				BCA4FCAB1F6F7098001C98B4 /* PhotoAlbumViewController.swift */,
			);
			name = Controller;
			sourceTree = "<group>";
		};
		BC74B33E1F88DBB5008E66FF /* Model */ = {
			isa = PBXGroup;
			children = (
				BCF42CA21F8B9A29004D892D /* Flickr API */,
				BC74B3421F88EDE5008E66FF /* Pin+CoreDataClass.swift */,
				BC74B3451F88EDE5008E66FF /* Image+CoreDataProperties.swift */,
				BC74B3431F88EDE5008E66FF /* Pin+CoreDataProperties.swift */,
				BC74B34A1F88F70D008E66FF /* CoreDataStack.swift */,
				BC74B3441F88EDE5008E66FF /* Image+CoreDataClass.swift */,
				BCF42CA01F8B7F3A004D892D /* CollectionViewCell.swift */,
			);
			name = Model;
			sourceTree = "<group>";
		};
		BCF42CA21F8B9A29004D892D /* Flickr API */ = {
			isa = PBXGroup;
			children = (
				BCF42CA31F8BD9A4004D892D /* FlickrClient.swift */,
			);
			name = "Flickr API";
			sourceTree = "<group>";
		};
/* End PBXGroup section */

/* Begin PBXNativeTarget section */
		BC13343E1F6EBB8900886F99 /* Virtual Tourist */ = {
			isa = PBXNativeTarget;
			buildConfigurationList = BC1334511F6EBB8900886F99 /* Build configuration list for PBXNativeTarget "Virtual Tourist" */;
			buildPhases = (
				BC13343B1F6EBB8900886F99 /* Sources */,
				BC13343C1F6EBB8900886F99 /* Frameworks */,
				BC13343D1F6EBB8900886F99 /* Resources */,
			);
			buildRules = (
			);
			dependencies = (
			);
			name = "Virtual Tourist";
			productName = "Virtual Tourist";
			productReference = BC13343F1F6EBB8900886F99 /* Virtual Tourist.app */;
			productType = "com.apple.product-type.application";
		};
/* End PBXNativeTarget section */

/* Begin PBXProject section */
		BC1334371F6EBB8900886F99 /* Project object */ = {
			isa = PBXProject;
			attributes = {
				LastSwiftUpdateCheck = 0900;
				LastUpgradeCheck = 0900;
				ORGANIZATIONNAME = "Ankita Satpathy";
				TargetAttributes = {
					BC13343E1F6EBB8900886F99 = {
						CreatedOnToolsVersion = 9.0;
					};
				};
			};
			buildConfigurationList = BC13343A1F6EBB8900886F99 /* Build configuration list for PBXProject "Virtual Tourist" */;
			compatibilityVersion = "Xcode 8.0";
			developmentRegion = en;
			hasScannedForEncodings = 0;
			knownRegions = (
				en,
				Base,
			);
			mainGroup = BC1334361F6EBB8900886F99;
			productRefGroup = BC1334401F6EBB8900886F99 /* Products */;
			projectDirPath = "";
			projectRoot = "";
			targets = (
				BC13343E1F6EBB8900886F99 /* Virtual Tourist */,
			);
		};
/* End PBXProject section */

/* Begin PBXResourcesBuildPhase section */
		BC13343D1F6EBB8900886F99 /* Resources */ = {
			isa = PBXResourcesBuildPhase;
			buildActionMask = 2147483647;
			files = (
				BC13344D1F6EBB8900886F99 /* LaunchScreen.storyboard in Resources */,
				BC13344A1F6EBB8900886F99 /* Assets.xcassets in Resources */,
				BC1334481F6EBB8900886F99 /* Main.storyboard in Resources */,
			);
			runOnlyForDeploymentPostprocessing = 0;
		};
/* End PBXResourcesBuildPhase section */

/* Begin PBXSourcesBuildPhase section */
		BC13343B1F6EBB8900886F99 /* Sources */ = {
			isa = PBXSourcesBuildPhase;
			buildActionMask = 2147483647;
			files = (
				BCF42CA11F8B7F3A004D892D /* CollectionViewCell.swift in Sources */,
				BC74B3411F88DC6C008E66FF /* VCDataModel.xcdatamodeld in Sources */,
				BC74B3471F88EDE5008E66FF /* Pin+CoreDataProperties.swift in Sources */,
				BC74B3481F88EDE5008E66FF /* Image+CoreDataClass.swift in Sources */,
				BC74B34B1F88F70D008E66FF /* CoreDataStack.swift in Sources */,
				BC74B3461F88EDE5008E66FF /* Pin+CoreDataClass.swift in Sources */,
				BC1334451F6EBB8900886F99 /* MapViewController.swift in Sources */,
				BC1334431F6EBB8900886F99 /* AppDelegate.swift in Sources */,
				BCF42CA41F8BD9A4004D892D /* FlickrClient.swift in Sources */,
				BCA4FCAC1F6F7098001C98B4 /* PhotoAlbumViewController.swift in Sources */,
				BC74B3491F88EDE5008E66FF /* Image+CoreDataProperties.swift in Sources */,
			);
			runOnlyForDeploymentPostprocessing = 0;
		};
/* End PBXSourcesBuildPhase section */

/* Begin PBXVariantGroup section */
		BC1334461F6EBB8900886F99 /* Main.storyboard */ = {
			isa = PBXVariantGroup;
			children = (
				BC1334471F6EBB8900886F99 /* Base */,
			);
			name = Main.storyboard;
			sourceTree = "<group>";
		};
		BC13344B1F6EBB8900886F99 /* LaunchScreen.storyboard */ = {
			isa = PBXVariantGroup;
			children = (
				BC13344C1F6EBB8900886F99 /* Base */,
			);
			name = LaunchScreen.storyboard;
			sourceTree = "<group>";
		};
/* End PBXVariantGroup section */

/* Begin XCBuildConfiguration section */
		BC13344F1F6EBB8900886F99 /* Debug */ = {
			isa = XCBuildConfiguration;
			buildSettings = {
				ALWAYS_SEARCH_USER_PATHS = NO;
				CLANG_ANALYZER_NONNULL = YES;
				CLANG_ANALYZER_NUMBER_OBJECT_CONVERSION = YES_AGGRESSIVE;
				CLANG_CXX_LANGUAGE_STANDARD = "gnu++14";
				CLANG_CXX_LIBRARY = "libc++";
				CLANG_ENABLE_MODULES = YES;
				CLANG_ENABLE_OBJC_ARC = YES;
				CLANG_WARN_BLOCK_CAPTURE_AUTORELEASING = YES;
				CLANG_WARN_BOOL_CONVERSION = YES;
				CLANG_WARN_COMMA = YES;
				CLANG_WARN_CONSTANT_CONVERSION = YES;
				CLANG_WARN_DIRECT_OBJC_ISA_USAGE = YES_ERROR;
				CLANG_WARN_DOCUMENTATION_COMMENTS = YES;
				CLANG_WARN_EMPTY_BODY = YES;
				CLANG_WARN_ENUM_CONVERSION = YES;
				CLANG_WARN_INFINITE_RECURSION = YES;
				CLANG_WARN_INT_CONVERSION = YES;
				CLANG_WARN_OBJC_ROOT_CLASS = YES_ERROR;
				CLANG_WARN_RANGE_LOOP_ANALYSIS = YES;
				CLANG_WARN_STRICT_PROTOTYPES = YES;
				CLANG_WARN_SUSPICIOUS_MOVE = YES;
				CLANG_WARN_UNGUARDED_AVAILABILITY = YES_AGGRESSIVE;
				CLANG_WARN_UNREACHABLE_CODE = YES;
				CLANG_WARN__DUPLICATE_METHOD_MATCH = YES;
				CODE_SIGN_IDENTITY = "iPhone Developer";
				COPY_PHASE_STRIP = NO;
				DEBUG_INFORMATION_FORMAT = dwarf;
				ENABLE_STRICT_OBJC_MSGSEND = YES;
				ENABLE_TESTABILITY = YES;
				GCC_C_LANGUAGE_STANDARD = gnu11;
				GCC_DYNAMIC_NO_PIC = NO;
				GCC_NO_COMMON_BLOCKS = YES;
				GCC_OPTIMIZATION_LEVEL = 0;
				GCC_PREPROCESSOR_DEFINITIONS = (
					"DEBUG=1",
					"$(inherited)",
				);
				GCC_WARN_64_TO_32_BIT_CONVERSION = YES;
				GCC_WARN_ABOUT_RETURN_TYPE = YES_ERROR;
				GCC_WARN_UNDECLARED_SELECTOR = YES;
				GCC_WARN_UNINITIALIZED_AUTOS = YES_AGGRESSIVE;
				GCC_WARN_UNUSED_FUNCTION = YES;
				GCC_WARN_UNUSED_VARIABLE = YES;
				IPHONEOS_DEPLOYMENT_TARGET = 11.0;
				MTL_ENABLE_DEBUG_INFO = YES;
				ONLY_ACTIVE_ARCH = YES;
				SDKROOT = iphoneos;
				SWIFT_ACTIVE_COMPILATION_CONDITIONS = DEBUG;
				SWIFT_OPTIMIZATION_LEVEL = "-Onone";
			};
			name = Debug;
		};
		BC1334501F6EBB8900886F99 /* Release */ = {
			isa = XCBuildConfiguration;
			buildSettings = {
				ALWAYS_SEARCH_USER_PATHS = NO;
				CLANG_ANALYZER_NONNULL = YES;
				CLANG_ANALYZER_NUMBER_OBJECT_CONVERSION = YES_AGGRESSIVE;
				CLANG_CXX_LANGUAGE_STANDARD = "gnu++14";
				CLANG_CXX_LIBRARY = "libc++";
				CLANG_ENABLE_MODULES = YES;
				CLANG_ENABLE_OBJC_ARC = YES;
				CLANG_WARN_BLOCK_CAPTURE_AUTORELEASING = YES;
				CLANG_WARN_BOOL_CONVERSION = YES;
				CLANG_WARN_COMMA = YES;
				CLANG_WARN_CONSTANT_CONVERSION = YES;
				CLANG_WARN_DIRECT_OBJC_ISA_USAGE = YES_ERROR;
				CLANG_WARN_DOCUMENTATION_COMMENTS = YES;
				CLANG_WARN_EMPTY_BODY = YES;
				CLANG_WARN_ENUM_CONVERSION = YES;
				CLANG_WARN_INFINITE_RECURSION = YES;
				CLANG_WARN_INT_CONVERSION = YES;
				CLANG_WARN_OBJC_ROOT_CLASS = YES_ERROR;
				CLANG_WARN_RANGE_LOOP_ANALYSIS = YES;
				CLANG_WARN_STRICT_PROTOTYPES = YES;
				CLANG_WARN_SUSPICIOUS_MOVE = YES;
				CLANG_WARN_UNGUARDED_AVAILABILITY = YES_AGGRESSIVE;
				CLANG_WARN_UNREACHABLE_CODE = YES;
				CLANG_WARN__DUPLICATE_METHOD_MATCH = YES;
				CODE_SIGN_IDENTITY = "iPhone Developer";
				COPY_PHASE_STRIP = NO;
				DEBUG_INFORMATION_FORMAT = "dwarf-with-dsym";
				ENABLE_NS_ASSERTIONS = NO;
				ENABLE_STRICT_OBJC_MSGSEND = YES;
				GCC_C_LANGUAGE_STANDARD = gnu11;
				GCC_NO_COMMON_BLOCKS = YES;
				GCC_WARN_64_TO_32_BIT_CONVERSION = YES;
				GCC_WARN_ABOUT_RETURN_TYPE = YES_ERROR;
				GCC_WARN_UNDECLARED_SELECTOR = YES;
				GCC_WARN_UNINITIALIZED_AUTOS = YES_AGGRESSIVE;
				GCC_WARN_UNUSED_FUNCTION = YES;
				GCC_WARN_UNUSED_VARIABLE = YES;
				IPHONEOS_DEPLOYMENT_TARGET = 11.0;
				MTL_ENABLE_DEBUG_INFO = NO;
				SDKROOT = iphoneos;
				SWIFT_OPTIMIZATION_LEVEL = "-Owholemodule";
				VALIDATE_PRODUCT = YES;
			};
			name = Release;
		};
		BC1334521F6EBB8900886F99 /* Debug */ = {
			isa = XCBuildConfiguration;
			buildSettings = {
				ASSETCATALOG_COMPILER_APPICON_NAME = AppIcon;
				DEVELOPMENT_TEAM = E3M6HYAQS9;
				INFOPLIST_FILE = "Virtual Tourist/Info.plist";
				LD_RUNPATH_SEARCH_PATHS = "$(inherited) @executable_path/Frameworks";
				PRODUCT_BUNDLE_IDENTIFIER = "com.ankita-satpathy.Virtual-Tourist";
				PRODUCT_NAME = "$(TARGET_NAME)";
				SWIFT_VERSION = 4.0;
				TARGETED_DEVICE_FAMILY = "1,2";
			};
			name = Debug;
		};
		BC1334531F6EBB8900886F99 /* Release */ = {
			isa = XCBuildConfiguration;
			buildSettings = {
				ASSETCATALOG_COMPILER_APPICON_NAME = AppIcon;
				DEVELOPMENT_TEAM = E3M6HYAQS9;
				INFOPLIST_FILE = "Virtual Tourist/Info.plist";
				LD_RUNPATH_SEARCH_PATHS = "$(inherited) @executable_path/Frameworks";
				PRODUCT_BUNDLE_IDENTIFIER = "com.ankita-satpathy.Virtual-Tourist";
				PRODUCT_NAME = "$(TARGET_NAME)";
				SWIFT_VERSION = 4.0;
				TARGETED_DEVICE_FAMILY = "1,2";
			};
			name = Release;
		};
/* End XCBuildConfiguration section */

/* Begin XCConfigurationList section */
		BC13343A1F6EBB8900886F99 /* Build configuration list for PBXProject "Virtual Tourist" */ = {
			isa = XCConfigurationList;
			buildConfigurations = (
				BC13344F1F6EBB8900886F99 /* Debug */,
				BC1334501F6EBB8900886F99 /* Release */,
			);
			defaultConfigurationIsVisible = 0;
			defaultConfigurationName = Release;
		};
		BC1334511F6EBB8900886F99 /* Build configuration list for PBXNativeTarget "Virtual Tourist" */ = {
			isa = XCConfigurationList;
			buildConfigurations = (
				BC1334521F6EBB8900886F99 /* Debug */,
				BC1334531F6EBB8900886F99 /* Release */,
			);
			defaultConfigurationIsVisible = 0;
			defaultConfigurationName = Release;
		};
/* End XCConfigurationList section */

/* Begin XCVersionGroup section */
		BC74B33F1F88DC6C008E66FF /* VCDataModel.xcdatamodeld */ = {
			isa = XCVersionGroup;
			children = (
				BC74B3401F88DC6C008E66FF /* VCDataModel.xcdatamodel */,
			);
			currentVersion = BC74B3401F88DC6C008E66FF /* VCDataModel.xcdatamodel */;
			path = VCDataModel.xcdatamodeld;
			sourceTree = "<group>";
			versionGroupType = wrapper.xcdatamodel;
		};
/* End XCVersionGroup section */
	};
	rootObject = BC1334371F6EBB8900886F99 /* Project object */;
}
